// !$*UTF8*$!
{
	archiveVersion = 1;
	classes = {
	};
	objectVersion = 48;
	objects = {

/* Begin PBXBuildFile section */
		5655CB802075F7E9000599E5 /* ContactFormController.swift in Sources */ = {isa = PBXBuildFile; fileRef = 5655CB7F2075F7E9000599E5 /* ContactFormController.swift */; };
		569C30D02059F79B00C1A19D /* Extensions.swift in Sources */ = {isa = PBXBuildFile; fileRef = 569C30CF2059F79B00C1A19D /* Extensions.swift */; };
		569C30D2205B978C00C1A19D /* HomeHeaderCell.swift in Sources */ = {isa = PBXBuildFile; fileRef = 569C30D1205B978C00C1A19D /* HomeHeaderCell.swift */; };
		569C30D4205B9B1F00C1A19D /* HomeBodyCell.swift in Sources */ = {isa = PBXBuildFile; fileRef = 569C30D3205B9B1F00C1A19D /* HomeBodyCell.swift */; };
		569C30D82061639F00C1A19D /* CustomNavigationView.swift in Sources */ = {isa = PBXBuildFile; fileRef = 569C30D72061639F00C1A19D /* CustomNavigationView.swift */; };
		569C30DB2061724500C1A19D /* HomeController+BuildCollectionView.swift in Sources */ = {isa = PBXBuildFile; fileRef = 569C30DA2061724500C1A19D /* HomeController+BuildCollectionView.swift */; };
		569C30DE206C49BE00C1A19D /* HomeSliderView.swift in Sources */ = {isa = PBXBuildFile; fileRef = 569C30DD206C49BE00C1A19D /* HomeSliderView.swift */; };
		569C30E1206DB50600C1A19D /* ContactController.swift in Sources */ = {isa = PBXBuildFile; fileRef = 569C30E0206DB50600C1A19D /* ContactController.swift */; };
		569C30E4206DB59B00C1A19D /* ContactControllerHelpers.swift in Sources */ = {isa = PBXBuildFile; fileRef = 569C30E3206DB59B00C1A19D /* ContactControllerHelpers.swift */; };
		569C30E6206DB7FF00C1A19D /* ContactController+SetupUI.swift in Sources */ = {isa = PBXBuildFile; fileRef = 569C30E5206DB7FF00C1A19D /* ContactController+SetupUI.swift */; };
		569C30E8206E017800C1A19D /* HomeController+Handlers.swift in Sources */ = {isa = PBXBuildFile; fileRef = 569C30E7206E017800C1A19D /* HomeController+Handlers.swift */; };
		569C30EB206E192F00C1A19D /* RegistrarController.swift in Sources */ = {isa = PBXBuildFile; fileRef = 569C30EA206E192F00C1A19D /* RegistrarController.swift */; };
		56B5D4EC2059DADB00381FF6 /* AppDelegate.swift in Sources */ = {isa = PBXBuildFile; fileRef = 56B5D4EB2059DADB00381FF6 /* AppDelegate.swift */; };
		56B5D4EE2059DADB00381FF6 /* HomeController.swift in Sources */ = {isa = PBXBuildFile; fileRef = 56B5D4ED2059DADB00381FF6 /* HomeController.swift */; };
		56B5D4F12059DADB00381FF6 /* Main.storyboard in Resources */ = {isa = PBXBuildFile; fileRef = 56B5D4EF2059DADB00381FF6 /* Main.storyboard */; };
		56B5D4F32059DADB00381FF6 /* Assets.xcassets in Resources */ = {isa = PBXBuildFile; fileRef = 56B5D4F22059DADB00381FF6 /* Assets.xcassets */; };
		56B5D4F62059DADB00381FF6 /* LaunchScreen.storyboard in Resources */ = {isa = PBXBuildFile; fileRef = 56B5D4F42059DADB00381FF6 /* LaunchScreen.storyboard */; };
/* End PBXBuildFile section */

/* Begin PBXFileReference section */
		5655CB7F2075F7E9000599E5 /* ContactFormController.swift */ = {isa = PBXFileReference; lastKnownFileType = sourcecode.swift; path = ContactFormController.swift; sourceTree = "<group>"; };
		569C30CF2059F79B00C1A19D /* Extensions.swift */ = {isa = PBXFileReference; lastKnownFileType = sourcecode.swift; path = Extensions.swift; sourceTree = "<group>"; };
		569C30D1205B978C00C1A19D /* HomeHeaderCell.swift */ = {isa = PBXFileReference; lastKnownFileType = sourcecode.swift; path = HomeHeaderCell.swift; sourceTree = "<group>"; };
		569C30D3205B9B1F00C1A19D /* HomeBodyCell.swift */ = {isa = PBXFileReference; lastKnownFileType = sourcecode.swift; path = HomeBodyCell.swift; sourceTree = "<group>"; };
		569C30D72061639F00C1A19D /* CustomNavigationView.swift */ = {isa = PBXFileReference; lastKnownFileType = sourcecode.swift; path = CustomNavigationView.swift; sourceTree = "<group>"; };
		569C30DA2061724500C1A19D /* HomeController+BuildCollectionView.swift */ = {isa = PBXFileReference; lastKnownFileType = sourcecode.swift; path = "HomeController+BuildCollectionView.swift"; sourceTree = "<group>"; };
		569C30DD206C49BE00C1A19D /* HomeSliderView.swift */ = {isa = PBXFileReference; lastKnownFileType = sourcecode.swift; path = HomeSliderView.swift; sourceTree = "<group>"; };
		569C30E0206DB50600C1A19D /* ContactController.swift */ = {isa = PBXFileReference; lastKnownFileType = sourcecode.swift; path = ContactController.swift; sourceTree = "<group>"; };
		569C30E3206DB59B00C1A19D /* ContactControllerHelpers.swift */ = {isa = PBXFileReference; lastKnownFileType = sourcecode.swift; path = ContactControllerHelpers.swift; sourceTree = "<group>"; };
		569C30E5206DB7FF00C1A19D /* ContactController+SetupUI.swift */ = {isa = PBXFileReference; lastKnownFileType = sourcecode.swift; path = "ContactController+SetupUI.swift"; sourceTree = "<group>"; };
		569C30E7206E017800C1A19D /* HomeController+Handlers.swift */ = {isa = PBXFileReference; lastKnownFileType = sourcecode.swift; path = "HomeController+Handlers.swift"; sourceTree = "<group>"; };
		569C30EA206E192F00C1A19D /* RegistrarController.swift */ = {isa = PBXFileReference; lastKnownFileType = sourcecode.swift; path = RegistrarController.swift; sourceTree = "<group>"; };
		56B5D4E82059DADB00381FF6 /* FAARM.app */ = {isa = PBXFileReference; explicitFileType = wrapper.application; includeInIndex = 0; path = FAARM.app; sourceTree = BUILT_PRODUCTS_DIR; };
		56B5D4EB2059DADB00381FF6 /* AppDelegate.swift */ = {isa = PBXFileReference; lastKnownFileType = sourcecode.swift; path = AppDelegate.swift; sourceTree = "<group>"; };
		56B5D4ED2059DADB00381FF6 /* HomeController.swift */ = {isa = PBXFileReference; lastKnownFileType = sourcecode.swift; path = HomeController.swift; sourceTree = "<group>"; };
		56B5D4F02059DADB00381FF6 /* Base */ = {isa = PBXFileReference; lastKnownFileType = file.storyboard; name = Base; path = Base.lproj/Main.storyboard; sourceTree = "<group>"; };
		56B5D4F22059DADB00381FF6 /* Assets.xcassets */ = {isa = PBXFileReference; lastKnownFileType = folder.assetcatalog; path = Assets.xcassets; sourceTree = "<group>"; };
		56B5D4F52059DADB00381FF6 /* Base */ = {isa = PBXFileReference; lastKnownFileType = file.storyboard; name = Base; path = Base.lproj/LaunchScreen.storyboard; sourceTree = "<group>"; };
		56B5D4F72059DADB00381FF6 /* Info.plist */ = {isa = PBXFileReference; lastKnownFileType = text.plist.xml; path = Info.plist; sourceTree = "<group>"; };
/* End PBXFileReference section */

/* Begin PBXFrameworksBuildPhase section */
		56B5D4E52059DADB00381FF6 /* Frameworks */ = {
			isa = PBXFrameworksBuildPhase;
			buildActionMask = 2147483647;
			files = (
			);
			runOnlyForDeploymentPostprocessing = 0;
		};
/* End PBXFrameworksBuildPhase section */

/* Begin PBXGroup section */
		5619FA572072B1F2006B7C85 /* HomeControllerCollectionView */ = {
			isa = PBXGroup;
			children = (
				569C30D1205B978C00C1A19D /* HomeHeaderCell.swift */,
				569C30D3205B9B1F00C1A19D /* HomeBodyCell.swift */,
			);
			path = HomeControllerCollectionView;
			sourceTree = "<group>";
		};
		569C30D92061721200C1A19D /* HomeControllerExtensions */ = {
			isa = PBXGroup;
			children = (
				569C30DA2061724500C1A19D /* HomeController+BuildCollectionView.swift */,
				569C30E7206E017800C1A19D /* HomeController+Handlers.swift */,
			);
			path = HomeControllerExtensions;
			sourceTree = "<group>";
		};
		569C30DC206B32F800C1A19D /* HomeController */ = {
			isa = PBXGroup;
			children = (
				56B5D4ED2059DADB00381FF6 /* HomeController.swift */,
				569C30DD206C49BE00C1A19D /* HomeSliderView.swift */,
				5619FA572072B1F2006B7C85 /* HomeControllerCollectionView */,
				569C30D92061721200C1A19D /* HomeControllerExtensions */,
			);
			path = HomeController;
			sourceTree = "<group>";
		};
		569C30DF206DB4DF00C1A19D /* ContactController */ = {
			isa = PBXGroup;
			children = (
				569C30E0206DB50600C1A19D /* ContactController.swift */,
				5655CB7F2075F7E9000599E5 /* ContactFormController.swift */,
				569C30E2206DB55B00C1A19D /* ContactControllerExtensions */,
			);
			path = ContactController;
			sourceTree = "<group>";
		};
		569C30E2206DB55B00C1A19D /* ContactControllerExtensions */ = {
			isa = PBXGroup;
			children = (
				569C30E3206DB59B00C1A19D /* ContactControllerHelpers.swift */,
				569C30E5206DB7FF00C1A19D /* ContactController+SetupUI.swift */,
			);
			path = ContactControllerExtensions;
			sourceTree = "<group>";
		};
		569C30E9206E190A00C1A19D /* RegistrarController */ = {
			isa = PBXGroup;
			children = (
				569C30EA206E192F00C1A19D /* RegistrarController.swift */,
			);
			path = RegistrarController;
			sourceTree = "<group>";
		};
		56B5D4DF2059DADB00381FF6 = {
			isa = PBXGroup;
			children = (
				56B5D4EA2059DADB00381FF6 /* FAARM */,
				56B5D4E92059DADB00381FF6 /* Products */,
			);
			sourceTree = "<group>";
		};
		56B5D4E92059DADB00381FF6 /* Products */ = {
			isa = PBXGroup;
			children = (
				56B5D4E82059DADB00381FF6 /* FAARM.app */,
			);
			name = Products;
			sourceTree = "<group>";
		};
		56B5D4EA2059DADB00381FF6 /* FAARM */ = {
			isa = PBXGroup;
			children = (
				56B5D4EB2059DADB00381FF6 /* AppDelegate.swift */,
				569C30D72061639F00C1A19D /* CustomNavigationView.swift */,
				569C30DF206DB4DF00C1A19D /* ContactController */,
				569C30DC206B32F800C1A19D /* HomeController */,
				569C30E9206E190A00C1A19D /* RegistrarController */,
				56B5D4EF2059DADB00381FF6 /* Main.storyboard */,
				56B5D4F22059DADB00381FF6 /* Assets.xcassets */,
				56B5D4F42059DADB00381FF6 /* LaunchScreen.storyboard */,
				56B5D4F72059DADB00381FF6 /* Info.plist */,
				569C30CF2059F79B00C1A19D /* Extensions.swift */,
			);
			path = FAARM;
			sourceTree = "<group>";
		};
/* End PBXGroup section */

/* Begin PBXNativeTarget section */
		56B5D4E72059DADB00381FF6 /* FAARM */ = {
			isa = PBXNativeTarget;
			buildConfigurationList = 56B5D4FA2059DADB00381FF6 /* Build configuration list for PBXNativeTarget "FAARM" */;
			buildPhases = (
				56B5D4E42059DADB00381FF6 /* Sources */,
				56B5D4E52059DADB00381FF6 /* Frameworks */,
				56B5D4E62059DADB00381FF6 /* Resources */,
			);
			buildRules = (
			);
			dependencies = (
			);
			name = FAARM;
			productName = FAARM;
			productReference = 56B5D4E82059DADB00381FF6 /* FAARM.app */;
			productType = "com.apple.product-type.application";
		};
/* End PBXNativeTarget section */

/* Begin PBXProject section */
		56B5D4E02059DADB00381FF6 /* Project object */ = {
			isa = PBXProject;
			attributes = {
				LastSwiftUpdateCheck = 0920;
				LastUpgradeCheck = 0920;
				ORGANIZATIONNAME = "Christopher Villanueva";
				TargetAttributes = {
					56B5D4E72059DADB00381FF6 = {
						CreatedOnToolsVersion = 9.2;
						ProvisioningStyle = Automatic;
					};
				};
			};
			buildConfigurationList = 56B5D4E32059DADB00381FF6 /* Build configuration list for PBXProject "FAARM" */;
			compatibilityVersion = "Xcode 8.0";
			developmentRegion = en;
			hasScannedForEncodings = 0;
			knownRegions = (
				en,
				Base,
			);
			mainGroup = 56B5D4DF2059DADB00381FF6;
			productRefGroup = 56B5D4E92059DADB00381FF6 /* Products */;
			projectDirPath = "";
			projectRoot = "";
			targets = (
				56B5D4E72059DADB00381FF6 /* FAARM */,
			);
		};
/* End PBXProject section */

/* Begin PBXResourcesBuildPhase section */
		56B5D4E62059DADB00381FF6 /* Resources */ = {
			isa = PBXResourcesBuildPhase;
			buildActionMask = 2147483647;
			files = (
				56B5D4F62059DADB00381FF6 /* LaunchScreen.storyboard in Resources */,
				56B5D4F32059DADB00381FF6 /* Assets.xcassets in Resources */,
				56B5D4F12059DADB00381FF6 /* Main.storyboard in Resources */,
			);
			runOnlyForDeploymentPostprocessing = 0;
		};
/* End PBXResourcesBuildPhase section */

/* Begin PBXSourcesBuildPhase section */
		56B5D4E42059DADB00381FF6 /* Sources */ = {
			isa = PBXSourcesBuildPhase;
			buildActionMask = 2147483647;
			files = (
				5655CB802075F7E9000599E5 /* ContactFormController.swift in Sources */,
				569C30DE206C49BE00C1A19D /* HomeSliderView.swift in Sources */,
				569C30D4205B9B1F00C1A19D /* HomeBodyCell.swift in Sources */,
				56B5D4EE2059DADB00381FF6 /* HomeController.swift in Sources */,
				569C30D2205B978C00C1A19D /* HomeHeaderCell.swift in Sources */,
				569C30E6206DB7FF00C1A19D /* ContactController+SetupUI.swift in Sources */,
				569C30EB206E192F00C1A19D /* RegistrarController.swift in Sources */,
				569C30DB2061724500C1A19D /* HomeController+BuildCollectionView.swift in Sources */,
				569C30D82061639F00C1A19D /* CustomNavigationView.swift in Sources */,
				569C30E4206DB59B00C1A19D /* ContactControllerHelpers.swift in Sources */,
				569C30E1206DB50600C1A19D /* ContactController.swift in Sources */,
				569C30D02059F79B00C1A19D /* Extensions.swift in Sources */,
				569C30E8206E017800C1A19D /* HomeController+Handlers.swift in Sources */,
				56B5D4EC2059DADB00381FF6 /* AppDelegate.swift in Sources */,
			);
			runOnlyForDeploymentPostprocessing = 0;
		};
/* End PBXSourcesBuildPhase section */

/* Begin PBXVariantGroup section */
		56B5D4EF2059DADB00381FF6 /* Main.storyboard */ = {
			isa = PBXVariantGroup;
			children = (
				56B5D4F02059DADB00381FF6 /* Base */,
			);
			name = Main.storyboard;
			sourceTree = "<group>";
		};
		56B5D4F42059DADB00381FF6 /* LaunchScreen.storyboard */ = {
			isa = PBXVariantGroup;
			children = (
				56B5D4F52059DADB00381FF6 /* Base */,
			);
			name = LaunchScreen.storyboard;
			sourceTree = "<group>";
		};
/* End PBXVariantGroup section */

/* Begin XCBuildConfiguration section */
		56B5D4F82059DADB00381FF6 /* Debug */ = {
			isa = XCBuildConfiguration;
			buildSettings = {
				ALWAYS_SEARCH_USER_PATHS = NO;
				CLANG_ANALYZER_NONNULL = YES;
				CLANG_ANALYZER_NUMBER_OBJECT_CONVERSION = YES_AGGRESSIVE;
				CLANG_CXX_LANGUAGE_STANDARD = "gnu++14";
				CLANG_CXX_LIBRARY = "libc++";
				CLANG_ENABLE_MODULES = YES;
				CLANG_ENABLE_OBJC_ARC = YES;
				CLANG_WARN_BLOCK_CAPTURE_AUTORELEASING = YES;
				CLANG_WARN_BOOL_CONVERSION = YES;
				CLANG_WARN_COMMA = YES;
				CLANG_WARN_CONSTANT_CONVERSION = YES;
				CLANG_WARN_DIRECT_OBJC_ISA_USAGE = YES_ERROR;
				CLANG_WARN_DOCUMENTATION_COMMENTS = YES;
				CLANG_WARN_EMPTY_BODY = YES;
				CLANG_WARN_ENUM_CONVERSION = YES;
				CLANG_WARN_INFINITE_RECURSION = YES;
				CLANG_WARN_INT_CONVERSION = YES;
				CLANG_WARN_NON_LITERAL_NULL_CONVERSION = YES;
				CLANG_WARN_OBJC_LITERAL_CONVERSION = YES;
				CLANG_WARN_OBJC_ROOT_CLASS = YES_ERROR;
				CLANG_WARN_RANGE_LOOP_ANALYSIS = YES;
				CLANG_WARN_STRICT_PROTOTYPES = YES;
				CLANG_WARN_SUSPICIOUS_MOVE = YES;
				CLANG_WARN_UNGUARDED_AVAILABILITY = YES_AGGRESSIVE;
				CLANG_WARN_UNREACHABLE_CODE = YES;
				CLANG_WARN__DUPLICATE_METHOD_MATCH = YES;
				CODE_SIGN_IDENTITY = "iPhone Developer";
				COPY_PHASE_STRIP = NO;
				DEBUG_INFORMATION_FORMAT = dwarf;
				ENABLE_STRICT_OBJC_MSGSEND = YES;
				ENABLE_TESTABILITY = YES;
				GCC_C_LANGUAGE_STANDARD = gnu11;
				GCC_DYNAMIC_NO_PIC = NO;
				GCC_NO_COMMON_BLOCKS = YES;
				GCC_OPTIMIZATION_LEVEL = 0;
				GCC_PREPROCESSOR_DEFINITIONS = (
					"DEBUG=1",
					"$(inherited)",
				);
				GCC_WARN_64_TO_32_BIT_CONVERSION = YES;
				GCC_WARN_ABOUT_RETURN_TYPE = YES_ERROR;
				GCC_WARN_UNDECLARED_SELECTOR = YES;
				GCC_WARN_UNINITIALIZED_AUTOS = YES_AGGRESSIVE;
				GCC_WARN_UNUSED_FUNCTION = YES;
				GCC_WARN_UNUSED_VARIABLE = YES;
				IPHONEOS_DEPLOYMENT_TARGET = 11.2;
				MTL_ENABLE_DEBUG_INFO = YES;
				ONLY_ACTIVE_ARCH = YES;
				SDKROOT = iphoneos;
				SWIFT_ACTIVE_COMPILATION_CONDITIONS = DEBUG;
				SWIFT_OPTIMIZATION_LEVEL = "-Onone";
			};
			name = Debug;
		};
		56B5D4F92059DADB00381FF6 /* Release */ = {
			isa = XCBuildConfiguration;
			buildSettings = {
				ALWAYS_SEARCH_USER_PATHS = NO;
				CLANG_ANALYZER_NONNULL = YES;
				CLANG_ANALYZER_NUMBER_OBJECT_CONVERSION = YES_AGGRESSIVE;
				CLANG_CXX_LANGUAGE_STANDARD = "gnu++14";
				CLANG_CXX_LIBRARY = "libc++";
				CLANG_ENABLE_MODULES = YES;
				CLANG_ENABLE_OBJC_ARC = YES;
				CLANG_WARN_BLOCK_CAPTURE_AUTORELEASING = YES;
				CLANG_WARN_BOOL_CONVERSION = YES;
				CLANG_WARN_COMMA = YES;
				CLANG_WARN_CONSTANT_CONVERSION = YES;
				CLANG_WARN_DIRECT_OBJC_ISA_USAGE = YES_ERROR;
				CLANG_WARN_DOCUMENTATION_COMMENTS = YES;
				CLANG_WARN_EMPTY_BODY = YES;
				CLANG_WARN_ENUM_CONVERSION = YES;
				CLANG_WARN_INFINITE_RECURSION = YES;
				CLANG_WARN_INT_CONVERSION = YES;
				CLANG_WARN_NON_LITERAL_NULL_CONVERSION = YES;
				CLANG_WARN_OBJC_LITERAL_CONVERSION = YES;
				CLANG_WARN_OBJC_ROOT_CLASS = YES_ERROR;
				CLANG_WARN_RANGE_LOOP_ANALYSIS = YES;
				CLANG_WARN_STRICT_PROTOTYPES = YES;
				CLANG_WARN_SUSPICIOUS_MOVE = YES;
				CLANG_WARN_UNGUARDED_AVAILABILITY = YES_AGGRESSIVE;
				CLANG_WARN_UNREACHABLE_CODE = YES;
				CLANG_WARN__DUPLICATE_METHOD_MATCH = YES;
				CODE_SIGN_IDENTITY = "iPhone Developer";
				COPY_PHASE_STRIP = NO;
				DEBUG_INFORMATION_FORMAT = "dwarf-with-dsym";
				ENABLE_NS_ASSERTIONS = NO;
				ENABLE_STRICT_OBJC_MSGSEND = YES;
				GCC_C_LANGUAGE_STANDARD = gnu11;
				GCC_NO_COMMON_BLOCKS = YES;
				GCC_WARN_64_TO_32_BIT_CONVERSION = YES;
				GCC_WARN_ABOUT_RETURN_TYPE = YES_ERROR;
				GCC_WARN_UNDECLARED_SELECTOR = YES;
				GCC_WARN_UNINITIALIZED_AUTOS = YES_AGGRESSIVE;
				GCC_WARN_UNUSED_FUNCTION = YES;
				GCC_WARN_UNUSED_VARIABLE = YES;
				IPHONEOS_DEPLOYMENT_TARGET = 11.2;
				MTL_ENABLE_DEBUG_INFO = NO;
				SDKROOT = iphoneos;
				SWIFT_OPTIMIZATION_LEVEL = "-Owholemodule";
				VALIDATE_PRODUCT = YES;
			};
			name = Release;
		};
		56B5D4FB2059DADB00381FF6 /* Debug */ = {
			isa = XCBuildConfiguration;
			buildSettings = {
				ASSETCATALOG_COMPILER_APPICON_NAME = AppIcon;
				CODE_SIGN_STYLE = Automatic;
				DEVELOPMENT_TEAM = BMLYZWR33S;
				INFOPLIST_FILE = FAARM/Info.plist;
				IPHONEOS_DEPLOYMENT_TARGET = 11.1;
				LD_RUNPATH_SEARCH_PATHS = "$(inherited) @executable_path/Frameworks";
				PRODUCT_BUNDLE_IDENTIFIER = com.chrisvillanueva.FAARM;
				PRODUCT_NAME = "$(TARGET_NAME)";
				SWIFT_VERSION = 4.0;
				TARGETED_DEVICE_FAMILY = "1,2";
			};
			name = Debug;
		};
		56B5D4FC2059DADB00381FF6 /* Release */ = {
			isa = XCBuildConfiguration;
			buildSettings = {
				ASSETCATALOG_COMPILER_APPICON_NAME = AppIcon;
				CODE_SIGN_STYLE = Automatic;
				DEVELOPMENT_TEAM = BMLYZWR33S;
				INFOPLIST_FILE = FAARM/Info.plist;
				IPHONEOS_DEPLOYMENT_TARGET = 11.1;
				LD_RUNPATH_SEARCH_PATHS = "$(inherited) @executable_path/Frameworks";
				PRODUCT_BUNDLE_IDENTIFIER = com.chrisvillanueva.FAARM;
				PRODUCT_NAME = "$(TARGET_NAME)";
				SWIFT_VERSION = 4.0;
				TARGETED_DEVICE_FAMILY = "1,2";
			};
			name = Release;
		};
/* End XCBuildConfiguration section */

/* Begin XCConfigurationList section */
		56B5D4E32059DADB00381FF6 /* Build configuration list for PBXProject "FAARM" */ = {
			isa = XCConfigurationList;
			buildConfigurations = (
				56B5D4F82059DADB00381FF6 /* Debug */,
				56B5D4F92059DADB00381FF6 /* Release */,
			);
			defaultConfigurationIsVisible = 0;
			defaultConfigurationName = Release;
		};
		56B5D4FA2059DADB00381FF6 /* Build configuration list for PBXNativeTarget "FAARM" */ = {
			isa = XCConfigurationList;
			buildConfigurations = (
				56B5D4FB2059DADB00381FF6 /* Debug */,
				56B5D4FC2059DADB00381FF6 /* Release */,
			);
			defaultConfigurationIsVisible = 0;
			defaultConfigurationName = Release;
		};
/* End XCConfigurationList section */
	};
	rootObject = 56B5D4E02059DADB00381FF6 /* Project object */;
}
